
Microsoft Visual Studio Solution File, Format Version 12.00
# Visual Studio Version 17
VisualStudioVersion = 17.4.33205.214
MinimumVisualStudioVersion = 10.0.40219.1
Project("{FAE04EC0-301F-11D3-BF4B-00C04F79EFBC}") = "IOC.console", "IOC.console\IOC.console.csproj", "{76856722-DD5B-4FE8-A89D-46EA45BCABC7}"
EndProject
Project("{FAE04EC0-301F-11D3-BF4B-00C04F79EFBC}") = "IOC.Web", "IOC.Web\IOC.Web.csproj", "{065D030A-664B-46F8-A8EC-56C70B048E4F}"
EndProject
Global
	GlobalSection(SolutionConfigurationPlatforms) = preSolution
		Debug|Any CPU = Debug|Any CPU
		Release|Any CPU = Release|Any CPU
	EndGlobalSection
	GlobalSection(ProjectConfigurationPlatforms) = postSolution
		{76856722-DD5B-4FE8-A89D-46EA45BCABC7}.Debug|Any CPU.ActiveCfg = Debug|Any CPU
		{76856722-DD5B-4FE8-A89D-46EA45BCABC7}.Debug|Any CPU.Build.0 = Debug|Any CPU
		{76856722-DD5B-4FE8-A89D-46EA45BCABC7}.Release|Any CPU.ActiveCfg = Release|Any CPU
		{76856722-DD5B-4FE8-A89D-46EA45BCABC7}.Release|Any CPU.Build.0 = Release|Any CPU
		{065D030A-664B-46F8-A8EC-56C70B048E4F}.Debug|Any CPU.ActiveCfg = Debug|Any CPU
		{065D030A-664B-46F8-A8EC-56C70B048E4F}.Debug|Any CPU.Build.0 = Debug|Any CPU
		{065D030A-664B-46F8-A8EC-56C70B048E4F}.Release|Any CPU.ActiveCfg = Release|Any CPU
		{065D030A-664B-46F8-A8EC-56C70B048E4F}.Release|Any CPU.Build.0 = Release|Any CPU
	EndGlobalSection
	GlobalSection(SolutionProperties) = preSolution
		HideSolutionNode = FALSE
	EndGlobalSection
	GlobalSection(ExtensibilityGlobals) = postSolution
		SolutionGuid = {BAC1B370-3762-441B-B21C-DFDF687434D2}
	EndGlobalSection
EndGlobal
